lockfileVersion: '9.0'

settings:
  autoInstallPeers: true
  excludeLinksFromLockfile: false

overrides:
  whatwg-url: 13.0.0

importers:

  .:
    dependencies:
      '@grammyjs/auto-retry':
        specifier: ^2.0.1
        version: 2.0.1(grammy@1.24.1)
      '@grammyjs/ratelimiter':
        specifier: ^1.2.0
        version: 1.2.0
      '@grammyjs/runner':
        specifier: ^2.0.3
        version: 2.0.3(grammy@1.24.1)
      '@grammyjs/transformer-throttler':
        specifier: ^1.2.1
        version: 1.2.1(grammy@1.24.1)
      dotenv:
        specifier: ^16.4.5
        version: 16.4.5
      envalid:
        specifier: ^8.0.0
        version: 8.0.0
      grammy:
        specifier: ^1.24.1
        version: 1.24.1
      graphql-request:
        specifier: ^7.0.1
        version: 7.0.1(graphql@16.8.2)
      ioredis:
        specifier: ^5.4.1
        version: 5.4.1
      lodash-es:
        specifier: ^4.17.21
        version: 4.17.21
      node-html-parser:
        specifier: ^6.1.13
        version: 6.1.13
      tsx:
        specifier: ^4.15.5
        version: 4.15.5
      zod:
        specifier: ^3.23.8
        version: 3.23.8
    devDependencies:
      '@biomejs/biome':
        specifier: ^1.8.1
        version: 1.8.1
      '@types/lodash-es':
        specifier: ^4.17.12
        version: 4.17.12
      '@types/node':
        specifier: ^20.14.2
        version: 20.14.2
      dedent:
        specifier: ^1.5.3
        version: 1.5.3
      expect:
        specifier: ^29.7.0
        version: 29.7.0
      type-fest:
        specifier: ^4.20.1
        version: 4.20.1
      typescript:
        specifier: ^5.4.5
        version: 5.4.5

packages:

  '@babel/code-frame@7.24.7':
    resolution: {integrity: sha512-BcYH1CVJBO9tvyIZ2jVeXgSIMvGZ2FDRvDdOIVQyuklNKSsx+eppDEBq/g47Ayw+RqNFE+URvOShmf+f/qwAlA==}
    engines: {node: '>=6.9.0'}

  '@babel/helper-validator-identifier@7.24.7':
    resolution: {integrity: sha512-rR+PBcQ1SMQDDyF6X0wxtG8QyLCgUB0eRAGguqRLfkCA87l7yAP7ehq8SNj96OOGTO8OBV70KhuFYcIkHXOg0w==}
    engines: {node: '>=6.9.0'}

  '@babel/highlight@7.24.7':
    resolution: {integrity: sha512-EStJpq4OuY8xYfhGVXngigBJRWxftKX9ksiGDnmlY3o7B/V7KIAc9X4oiK87uPJSc/vs5L869bem5fhZa8caZw==}
    engines: {node: '>=6.9.0'}

  '@biomejs/biome@1.8.1':
    resolution: {integrity: sha512-fQXGfvq6DIXem12dGQCM2tNF+vsNHH1qs3C7WeOu75Pd0trduoTmoO7G4ntLJ2qDs5wuw981H+cxQhi1uHnAtA==}
    engines: {node: '>=14.21.3'}
    hasBin: true

  '@biomejs/cli-darwin-arm64@1.8.1':
    resolution: {integrity: sha512-XLiB7Uu6GALIOBWzQ2aMD0ru4Ly5/qSeQF7kk3AabzJ/kwsEWSe33iVySBP/SS2qv25cgqNiLksjGcw2bHT3mw==}
    engines: {node: '>=14.21.3'}
    cpu: [arm64]
    os: [darwin]

  '@biomejs/cli-darwin-x64@1.8.1':
    resolution: {integrity: sha512-uMTSxVLMfqkBVqyc25hSn83jBbp+wtWjzM/pHFlKXt3htJuw7FErVGW0nmQ9Sxa9vJ7GcqoltLMl28VQRIMYzg==}
    engines: {node: '>=14.21.3'}
    cpu: [x64]
    os: [darwin]

  '@biomejs/cli-linux-arm64-musl@1.8.1':
    resolution: {integrity: sha512-UQ8Wc01J0wQL+5AYOc7qkJn20B4PZmQL1KrmDZh7ot0DvD6aX4+8mmfd/dG5b6Zjo/44QvCKcvkFGCMRYuhWZA==}
    engines: {node: '>=14.21.3'}
    cpu: [arm64]
    os: [linux]

  '@biomejs/cli-linux-arm64@1.8.1':
    resolution: {integrity: sha512-3SzZRuC/9Oi2P2IBNPsEj0KXxSXUEYRR2kfRF/Ve8QAfGgrt4qnwuWd6QQKKN5R+oYH691qjm+cXBKEcrP1v/Q==}
    engines: {node: '>=14.21.3'}
    cpu: [arm64]
    os: [linux]

  '@biomejs/cli-linux-x64-musl@1.8.1':
    resolution: {integrity: sha512-fYbP/kNu/rtZ4kKzWVocIdqZOtBSUEg9qUhZaao3dy3CRzafR6u6KDtBeSCnt47O+iLnks1eOR1TUxzr5+QuqA==}
    engines: {node: '>=14.21.3'}
    cpu: [x64]
    os: [linux]

  '@biomejs/cli-linux-x64@1.8.1':
    resolution: {integrity: sha512-AeBycVdNrTzsyYKEOtR2R0Ph0hCD0sCshcp2aOnfGP0hCZbtFg09D0SdKLbyzKntisY41HxKVrydYiaApp+2uw==}
    engines: {node: '>=14.21.3'}
    cpu: [x64]
    os: [linux]

  '@biomejs/cli-win32-arm64@1.8.1':
    resolution: {integrity: sha512-6tEd1H/iFKpgpE3OIB7oNgW5XkjiVMzMRPL8zYoZ036YfuJ5nMYm9eB9H/y81+8Z76vL48fiYzMPotJwukGPqQ==}
    engines: {node: '>=14.21.3'}
    cpu: [arm64]
    os: [win32]

  '@biomejs/cli-win32-x64@1.8.1':
    resolution: {integrity: sha512-g2H31jJzYmS4jkvl6TiyEjEX+Nv79a5km/xn+5DARTp5MBFzC9gwceusSSB2AkJKqZzY131AiACAWjKrVt5Ijw==}
    engines: {node: '>=14.21.3'}
    cpu: [x64]
    os: [win32]

  '@dprint/darwin-arm64@0.45.1':
    resolution: {integrity: sha512-pH0/uKLJ5SJPoHhOwLWFMhCmL0BY3FzWQbull8OGMK/FRkIPgOl2adZSovtUZpUMGWyDOzIWH1fW9X2DuMhnEg==}
    cpu: [arm64]
    os: [darwin]

  '@dprint/darwin-x64@0.45.1':
    resolution: {integrity: sha512-YUj421LmBLDlxpIER3pORKfQmpmXD50n5mClHjpZrnl17WTiHtQ+jHvDJdJoxH2eS66W0mQyxLoGo5SfFfiM7A==}
    cpu: [x64]
    os: [darwin]

  '@dprint/formatter@0.3.0':
    resolution: {integrity: sha512-N9fxCxbaBOrDkteSOzaCqwWjso5iAe+WJPsHC021JfHNj2ThInPNEF13ORDKta3llq5D1TlclODCvOvipH7bWQ==}

  '@dprint/linux-arm64-glibc@0.45.1':
    resolution: {integrity: sha512-lJ7s/pOQWRJ0mstjZQnVyX2/3QRXZ9cpFHJDZ7e81Y8QSn/iqxTrnK0DPgxUrDG8hYKQmWQdQLU4sP5DKBz0Jg==}
    cpu: [arm64]
    os: [linux]

  '@dprint/linux-arm64-musl@0.45.1':
    resolution: {integrity: sha512-un2awe1L1sAJLsCPSEUrE0/cgupdzbYFoyBOutyU1zHR9KQn47AtIDw+chvuinU4xleHDuEGyXGuJ6NE+Ky6vw==}
    cpu: [arm64]
    os: [linux]

  '@dprint/linux-x64-glibc@0.45.1':
    resolution: {integrity: sha512-5Civht90S/g8zlyYB7n4oH78p+sLbNqeFCFuImJRK7uRxZwCRya7lji6RwlB6DQ7qngVqovTHj9RLOYfZzfVlg==}
    cpu: [x64]
    os: [linux]

  '@dprint/linux-x64-musl@0.45.1':
    resolution: {integrity: sha512-p2/gjnHDd8GRCvtey5HZO4o/He6pSmY/zpcCuIXprFW9P0vNlEj3DFhz4FPpOKXM+csrsVWWs2E0T/xr5QZtVg==}
    cpu: [x64]
    os: [linux]

  '@dprint/typescript@0.90.5':
    resolution: {integrity: sha512-/1aP6saonFvJyQN3l2is6eTOec3GnLGyW+opid/eDm8pnlhwzYl8A9p36pI6WO5jLl/a9Ghod+LWpvSOuXFGUw==}

  '@dprint/win32-x64@0.45.1':
    resolution: {integrity: sha512-2l78XM7KsW46P2Yv6uPB3fE+y92EsBlrCxi+RVQ0pbznPFdMdkLyGgaCuh683zdld14jHlaADpIQ7YchGAEMAg==}
    cpu: [x64]
    os: [win32]

  '@esbuild/aix-ppc64@0.21.5':
    resolution: {integrity: sha512-1SDgH6ZSPTlggy1yI6+Dbkiz8xzpHJEVAlF/AM1tHPLsf5STom9rwtjE4hKAF20FfXXNTFqEYXyJNWh1GiZedQ==}
    engines: {node: '>=12'}
    cpu: [ppc64]
    os: [aix]

  '@esbuild/android-arm64@0.21.5':
    resolution: {integrity: sha512-c0uX9VAUBQ7dTDCjq+wdyGLowMdtR/GoC2U5IYk/7D1H1JYC0qseD7+11iMP2mRLN9RcCMRcjC4YMclCzGwS/A==}
    engines: {node: '>=12'}
    cpu: [arm64]
    os: [android]

  '@esbuild/android-arm@0.21.5':
    resolution: {integrity: sha512-vCPvzSjpPHEi1siZdlvAlsPxXl7WbOVUBBAowWug4rJHb68Ox8KualB+1ocNvT5fjv6wpkX6o/iEpbDrf68zcg==}
    engines: {node: '>=12'}
    cpu: [arm]
    os: [android]

  '@esbuild/android-x64@0.21.5':
    resolution: {integrity: sha512-D7aPRUUNHRBwHxzxRvp856rjUHRFW1SdQATKXH2hqA0kAZb1hKmi02OpYRacl0TxIGz/ZmXWlbZgjwWYaCakTA==}
    engines: {node: '>=12'}
    cpu: [x64]
    os: [android]

  '@esbuild/darwin-arm64@0.21.5':
    resolution: {integrity: sha512-DwqXqZyuk5AiWWf3UfLiRDJ5EDd49zg6O9wclZ7kUMv2WRFr4HKjXp/5t8JZ11QbQfUS6/cRCKGwYhtNAY88kQ==}
    engines: {node: '>=12'}
    cpu: [arm64]
    os: [darwin]

  '@esbuild/darwin-x64@0.21.5':
    resolution: {integrity: sha512-se/JjF8NlmKVG4kNIuyWMV/22ZaerB+qaSi5MdrXtd6R08kvs2qCN4C09miupktDitvh8jRFflwGFBQcxZRjbw==}
    engines: {node: '>=12'}
    cpu: [x64]
    os: [darwin]

  '@esbuild/freebsd-arm64@0.21.5':
    resolution: {integrity: sha512-5JcRxxRDUJLX8JXp/wcBCy3pENnCgBR9bN6JsY4OmhfUtIHe3ZW0mawA7+RDAcMLrMIZaf03NlQiX9DGyB8h4g==}
    engines: {node: '>=12'}
    cpu: [arm64]
    os: [freebsd]

  '@esbuild/freebsd-x64@0.21.5':
    resolution: {integrity: sha512-J95kNBj1zkbMXtHVH29bBriQygMXqoVQOQYA+ISs0/2l3T9/kj42ow2mpqerRBxDJnmkUDCaQT/dfNXWX/ZZCQ==}
    engines: {node: '>=12'}
    cpu: [x64]
    os: [freebsd]

  '@esbuild/linux-arm64@0.21.5':
    resolution: {integrity: sha512-ibKvmyYzKsBeX8d8I7MH/TMfWDXBF3db4qM6sy+7re0YXya+K1cem3on9XgdT2EQGMu4hQyZhan7TeQ8XkGp4Q==}
    engines: {node: '>=12'}
    cpu: [arm64]
    os: [linux]

  '@esbuild/linux-arm@0.21.5':
    resolution: {integrity: sha512-bPb5AHZtbeNGjCKVZ9UGqGwo8EUu4cLq68E95A53KlxAPRmUyYv2D6F0uUI65XisGOL1hBP5mTronbgo+0bFcA==}
    engines: {node: '>=12'}
    cpu: [arm]
    os: [linux]

  '@esbuild/linux-ia32@0.21.5':
    resolution: {integrity: sha512-YvjXDqLRqPDl2dvRODYmmhz4rPeVKYvppfGYKSNGdyZkA01046pLWyRKKI3ax8fbJoK5QbxblURkwK/MWY18Tg==}
    engines: {node: '>=12'}
    cpu: [ia32]
    os: [linux]

  '@esbuild/linux-loong64@0.21.5':
    resolution: {integrity: sha512-uHf1BmMG8qEvzdrzAqg2SIG/02+4/DHB6a9Kbya0XDvwDEKCoC8ZRWI5JJvNdUjtciBGFQ5PuBlpEOXQj+JQSg==}
    engines: {node: '>=12'}
    cpu: [loong64]
    os: [linux]

  '@esbuild/linux-mips64el@0.21.5':
    resolution: {integrity: sha512-IajOmO+KJK23bj52dFSNCMsz1QP1DqM6cwLUv3W1QwyxkyIWecfafnI555fvSGqEKwjMXVLokcV5ygHW5b3Jbg==}
    engines: {node: '>=12'}
    cpu: [mips64el]
    os: [linux]

  '@esbuild/linux-ppc64@0.21.5':
    resolution: {integrity: sha512-1hHV/Z4OEfMwpLO8rp7CvlhBDnjsC3CttJXIhBi+5Aj5r+MBvy4egg7wCbe//hSsT+RvDAG7s81tAvpL2XAE4w==}
    engines: {node: '>=12'}
    cpu: [ppc64]
    os: [linux]

  '@esbuild/linux-riscv64@0.21.5':
    resolution: {integrity: sha512-2HdXDMd9GMgTGrPWnJzP2ALSokE/0O5HhTUvWIbD3YdjME8JwvSCnNGBnTThKGEB91OZhzrJ4qIIxk/SBmyDDA==}
    engines: {node: '>=12'}
    cpu: [riscv64]
    os: [linux]

  '@esbuild/linux-s390x@0.21.5':
    resolution: {integrity: sha512-zus5sxzqBJD3eXxwvjN1yQkRepANgxE9lgOW2qLnmr8ikMTphkjgXu1HR01K4FJg8h1kEEDAqDcZQtbrRnB41A==}
    engines: {node: '>=12'}
    cpu: [s390x]
    os: [linux]

  '@esbuild/linux-x64@0.21.5':
    resolution: {integrity: sha512-1rYdTpyv03iycF1+BhzrzQJCdOuAOtaqHTWJZCWvijKD2N5Xu0TtVC8/+1faWqcP9iBCWOmjmhoH94dH82BxPQ==}
    engines: {node: '>=12'}
    cpu: [x64]
    os: [linux]

  '@esbuild/netbsd-x64@0.21.5':
    resolution: {integrity: sha512-Woi2MXzXjMULccIwMnLciyZH4nCIMpWQAs049KEeMvOcNADVxo0UBIQPfSmxB3CWKedngg7sWZdLvLczpe0tLg==}
    engines: {node: '>=12'}
    cpu: [x64]
    os: [netbsd]

  '@esbuild/openbsd-x64@0.21.5':
    resolution: {integrity: sha512-HLNNw99xsvx12lFBUwoT8EVCsSvRNDVxNpjZ7bPn947b8gJPzeHWyNVhFsaerc0n3TsbOINvRP2byTZ5LKezow==}
    engines: {node: '>=12'}
    cpu: [x64]
    os: [openbsd]

  '@esbuild/sunos-x64@0.21.5':
    resolution: {integrity: sha512-6+gjmFpfy0BHU5Tpptkuh8+uw3mnrvgs+dSPQXQOv3ekbordwnzTVEb4qnIvQcYXq6gzkyTnoZ9dZG+D4garKg==}
    engines: {node: '>=12'}
    cpu: [x64]
    os: [sunos]

  '@esbuild/win32-arm64@0.21.5':
    resolution: {integrity: sha512-Z0gOTd75VvXqyq7nsl93zwahcTROgqvuAcYDUr+vOv8uHhNSKROyU961kgtCD1e95IqPKSQKH7tBTslnS3tA8A==}
    engines: {node: '>=12'}
    cpu: [arm64]
    os: [win32]

  '@esbuild/win32-ia32@0.21.5':
    resolution: {integrity: sha512-SWXFF1CL2RVNMaVs+BBClwtfZSvDgtL//G/smwAc5oVK/UPu2Gu9tIaRgFmYFFKrmg3SyAjSrElf0TiJ1v8fYA==}
    engines: {node: '>=12'}
    cpu: [ia32]
    os: [win32]

  '@esbuild/win32-x64@0.21.5':
    resolution: {integrity: sha512-tQd/1efJuzPC6rCFwEvLtci/xNFcTZknmXs98FYDfGE4wP9ClFV98nyKrzJKVPMhdDnjzLhdUyMX4PsQAPjwIw==}
    engines: {node: '>=12'}
    cpu: [x64]
    os: [win32]

  '@grammyjs/auto-retry@2.0.1':
    resolution: {integrity: sha512-4W2T3KeRp1IERUUqMV6jjr+3z0FD6qe7DgXdykdqzNmOb2O+MUM7cqWCcWzbIjUVwRyFyHeH+vREO1ZvKppCrg==}
    engines: {node: '>=12.20.0 || >=14.13.1'}
    peerDependencies:
      grammy: ^1.10.0

  '@grammyjs/ratelimiter@1.2.0':
    resolution: {integrity: sha512-xBkH/ATJsuv5JgVYX9yQM9DNg75Qqjw+gh82lVsBn4j+d0DkxxC+kuy6WFoB96Cb6oifQfaBJL8CTikdYG4v0A==}

  '@grammyjs/runner@2.0.3':
    resolution: {integrity: sha512-nckmTs1dPWfVQteK9cxqxzE+0m1VRvluLWB8UgFzsjg62w3qthPJt0TYtJBEdG7OedvfQq4vnFAyE6iaMkR42A==}
    engines: {node: '>=12.20.0 || >=14.13.1'}
    peerDependencies:
      grammy: ^1.13.1

  '@grammyjs/transformer-throttler@1.2.1':
    resolution: {integrity: sha512-CpWB0F3rJdUiKsq7826QhQsxbZi4wqfz1ccKX+fr+AOC+o8K7ZvS+wqX0suSu1QCsyUq2MDpNiKhyL2ZOJUS4w==}
    engines: {node: ^12.20.0 || >=14.13.1}
    peerDependencies:
      grammy: ^1.0.0

  '@grammyjs/types@3.8.0':
    resolution: {integrity: sha512-5r2rUJ/s939iQEt6j2gyl1owbWwKAYAg2gQH7FfWIP1swL2assZ97vRUl8cBU3UEp7es9c/VioWeQjKbV6g4eg==}

  '@graphql-typed-document-node/core@3.2.0':
    resolution: {integrity: sha512-mB9oAsNCm9aM3/SOv4YtBMqZbYj10R7dkq8byBqxGY/ncFwhf2oQzMV+LCRlWoDSEBJ3COiR1yeDvMtsoOsuFQ==}
    peerDependencies:
      graphql: ^0.8.0 || ^0.9.0 || ^0.10.0 || ^0.11.0 || ^0.12.0 || ^0.13.0 || ^14.0.0 || ^15.0.0 || ^16.0.0 || ^17.0.0

  '@ioredis/commands@1.2.0':
    resolution: {integrity: sha512-Sx1pU8EM64o2BrqNpEO1CNLtKQwyhuXuqyfH7oGKCk+1a33d2r5saW8zNwm3j6BTExtjrv2BxTgzzkMwts6vGg==}

  '@jest/expect-utils@29.7.0':
    resolution: {integrity: sha512-GlsNBWiFQFCVi9QVSx7f5AgMeLxe9YCCs5PuP2O2LdjDAA8Jh9eX7lA1Jq/xdXw3Wb3hyvlFNfZIfcRetSzYcA==}
    engines: {node: ^14.15.0 || ^16.10.0 || >=18.0.0}

  '@jest/schemas@29.6.3':
    resolution: {integrity: sha512-mo5j5X+jIZmJQveBKeS/clAueipV7KgiX1vMgCxam1RNYiqE1w62n0/tJJnHtjW8ZHcQco5gY85jA3mi0L+nSA==}
    engines: {node: ^14.15.0 || ^16.10.0 || >=18.0.0}

  '@jest/types@29.6.3':
    resolution: {integrity: sha512-u3UPsIilWKOM3F9CXtrG8LEJmNxwoCQC/XVj4IKYXvvpx7QIi/Kg1LI5uDmDpKlac62NUtX7eLjRh+jVZcLOzw==}
    engines: {node: ^14.15.0 || ^16.10.0 || >=18.0.0}

  '@molt/command@0.9.0':
    resolution: {integrity: sha512-1JI8dAlpqlZoXyKWVQggX7geFNPxBpocHIXQCsnxDjKy+3WX4SGyZVJXuLlqRRrX7FmQCuuMAfx642ovXmPA9g==}

  '@molt/types@0.2.0':
    resolution: {integrity: sha512-p6ChnEZDGjg9PYPec9BK6Yp5/DdSrYQvXTBAtgrnqX6N36cZy37ql1c8Tc5LclfIYBNG7EZp8NBcRTYJwyi84g==}

  '@sinclair/typebox@0.27.8':
    resolution: {integrity: sha512-+Fj43pSMwJs4KRrH/938Uf+uAELIgVBmQzg/q1YG10djyfA3TnrU8N8XzqCh/okZdszqBQTZf96idMfE5lnwTA==}

  '@types/istanbul-lib-coverage@2.0.6':
    resolution: {integrity: sha512-2QF/t/auWm0lsy8XtKVPG19v3sSOQlJe/YHZgfjb/KBBHOGSV+J2q/S671rcq9uTBrLAXmZpqJiaQbMT+zNU1w==}

  '@types/istanbul-lib-report@3.0.3':
    resolution: {integrity: sha512-NQn7AHQnk/RSLOxrBbGyJM/aVQ+pjj5HCgasFxc0K/KhoATfQ/47AyUl15I2yBUpihjmas+a+VJBOqecrFH+uA==}

  '@types/istanbul-reports@3.0.4':
    resolution: {integrity: sha512-pk2B1NWalF9toCRu6gjBzR69syFjP4Od8WRAX+0mmf9lAjCRicLOWc+ZrxZHx/0XRjotgkF9t6iaMJ+aXcOdZQ==}

  '@types/lodash-es@4.17.12':
    resolution: {integrity: sha512-0NgftHUcV4v34VhXm8QBSftKVXtbkBG3ViCjs6+eJ5a6y6Mi/jiFGPc1sC7QK+9BFhWrURE3EOggmWaSxL9OzQ==}

  '@types/lodash@4.17.5':
    resolution: {integrity: sha512-MBIOHVZqVqgfro1euRDWX7OO0fBVUUMrN6Pwm8LQsz8cWhEpihlvR70ENj3f40j58TNxZaWv2ndSkInykNBBJw==}

  '@types/node@20.14.2':
    resolution: {integrity: sha512-xyu6WAMVwv6AKFLB+e/7ySZVr/0zLCzOa7rSpq6jNwpqOrUbcACDWC+53d4n2QHOnDou0fbIsg8wZu/sxrnI4Q==}

  '@types/stack-utils@2.0.3':
    resolution: {integrity: sha512-9aEbYZ3TbYMznPdcdr3SmIrLXwC/AKZXQeCf9Pgao5CKb8CyHuEX5jzWPTkvregvhRJHcpRO6BFoGW9ycaOkYw==}

  '@types/yargs-parser@21.0.3':
    resolution: {integrity: sha512-I4q9QU9MQv4oEOz4tAHJtNz1cwuLxn2F3xcc2iV5WdqLPpUnj30aUuxt1mAxYTG+oe8CZMV/+6rU4S4gRDzqtQ==}

  '@types/yargs@17.0.32':
    resolution: {integrity: sha512-xQ67Yc/laOG5uMfX/093MRlGGCIBzZMarVa+gfNKJxWAIgykYpVGkBdbqEzGDDfCrVUj6Hiff4mTZ5BA6TmAog==}

  abort-controller@3.0.0:
    resolution: {integrity: sha512-h8lQ8tacZYnR3vNQTgibj+tODHI5/+l06Au2Pcriv/Gmet0eaj4TwWH41sO9wnHDiQsEj19q0drzdWdeAHtweg==}
    engines: {node: '>=6.5'}

  alge@0.8.1:
    resolution: {integrity: sha512-kiV9nTt+XIauAXsowVygDxMZLplZxDWt0W8plE/nB32/V2ziM/P/TxDbSVK7FYIUt2Xo16h3/htDh199LNPCKQ==}

  ansi-regex@6.0.1:
    resolution: {integrity: sha512-n5M855fKb2SsfMIiFFoVrABHJC8QtHwVx+mHWP3QcEqBHYienj5dHSgjbxtC0WEZXYt4wcD6zrQElDPhFuZgfA==}
    engines: {node: '>=12'}

  ansi-styles@3.2.1:
    resolution: {integrity: sha512-VT0ZI6kZRdTh8YyJw3SMbYm/u+NqfsAxEpWO0Pf9sq8/e94WxxOpPKx9FR1FlyCtOVDNOQ+8ntlqFxiRc+r5qA==}
    engines: {node: '>=4'}

  ansi-styles@4.3.0:
    resolution: {integrity: sha512-zbB9rCJAT1rbjiVDb2hqKFHNYLxgtk8NURxZ3IZwD3F6NtxbXZQCnnSi1Lkx+IDohdPlFp222wVALIheZJQSEg==}
    engines: {node: '>=8'}

  ansi-styles@5.2.0:
    resolution: {integrity: sha512-Cxwpt2SfTzTtXcfOlzGEee8O+c+MmUgGrNiBcXnuWxuFJHe6a5Hz7qwhwe5OgaSYI0IJvkLqWX1ASG+cJOkEiA==}
    engines: {node: '>=10'}

  boolbase@1.0.0:
    resolution: {integrity: sha512-JZOSA7Mo9sNGB8+UjSgzdLtokWAky1zbztM3WRLCbZ70/3cTANmQmOdR7y2g+J0e2WXywy1yS468tY+IruqEww==}

  bottleneck@2.19.5:
    resolution: {integrity: sha512-VHiNCbI1lKdl44tGrhNfU3lup0Tj/ZBMJB5/2ZbNXRCPuRCO7ed2mgcK4r17y+KB2EfuYuRaVlwNbAeaWGSpbw==}

  braces@3.0.3:
    resolution: {integrity: sha512-yQbXgO/OSZVD2IsiLlro+7Hf6Q18EJrKSEsdoMzKePKXct3gvD8oLcOQdIzGupr5Fj+EDe8gO/lxc1BzfMpxvA==}
    engines: {node: '>=8'}

  chalk@2.4.2:
    resolution: {integrity: sha512-Mti+f9lpJNcwF4tWV8/OrTTtF1gZi+f8FqlyAdouralcFWFQWF2+NgCHShjkCb+IFBLq9buZwE1xckQU4peSuQ==}
    engines: {node: '>=4'}

  chalk@4.1.2:
    resolution: {integrity: sha512-oKnbhFyRIXpUuez8iBMmyEa4nbj4IOQyuhc/wy9kY7/WVPcwIO9VA668Pu8RkO7+0G76SLROeyw9CpQ061i4mA==}
    engines: {node: '>=10'}

  chalk@5.3.0:
    resolution: {integrity: sha512-dLitG79d+GV1Nb/VYcCDFivJeK1hiukt9QjRNVOsUtTy1rR1YJsmpGGTZ3qJos+uw7WmWF4wUwBd9jxjocFC2w==}
    engines: {node: ^12.17.0 || ^14.13 || >=16.0.0}

  ci-info@3.9.0:
    resolution: {integrity: sha512-NIxF55hv4nSqQswkAeiOi1r83xy8JldOFDTWiug55KBu9Jnblncd2U6ViHmYgHf01TPZS77NJBhBMKdWj9HQMQ==}
    engines: {node: '>=8'}

  cluster-key-slot@1.1.2:
    resolution: {integrity: sha512-RMr0FhtfXemyinomL4hrWcYJxmX6deFdCxpJzhDttxgO1+bcCnkk+9drydLVDmAMG7NE6aN/fl4F7ucU/90gAA==}
    engines: {node: '>=0.10.0'}

  color-convert@1.9.3:
    resolution: {integrity: sha512-QfAUtd+vFdAtFQcC8CCyYt1fYWxSqAiK2cSD6zDB8N3cpsEBAvRxp9zOGg6G/SHHJYAT88/az/IuDGALsNVbGg==}

  color-convert@2.0.1:
    resolution: {integrity: sha512-RRECPsj7iu/xb5oKYcsFHSppFNnsj/52OVTRKb4zP5onXwVF3zVmmToNcOfGC+CRDpfK/U584fMg38ZHCaElKQ==}
    engines: {node: '>=7.0.0'}

  color-name@1.1.3:
    resolution: {integrity: sha512-72fSenhMw2HZMTVHeCA9KCmpEIbzWiQsjN+BHcBbS9vr1mtt+vJjPdksIBNUmKAW8TFUDPJK5SUU3QhE9NEXDw==}

  color-name@1.1.4:
    resolution: {integrity: sha512-dOy+3AuW3a2wNbZHIuMZpTcgjGuLU/uBL/ubcZF9OXbDo8ff4O8yVp5Bf0efS8uEoYo5q4Fx7dY9OgQGXgAsQA==}

  css-select@5.1.0:
    resolution: {integrity: sha512-nwoRF1rvRRnnCqqY7updORDsuqKzqYJ28+oSMaJMMgOauh3fvwHqMS7EZpIPqK8GL+g9mKxF1vP/ZjSeNjEVHg==}

  css-what@6.1.0:
    resolution: {integrity: sha512-HTUrgRJ7r4dsZKU6GjmpfRK1O76h97Z8MfS1G0FozR+oF2kG6Vfe8JE6zwrkbxigziPHinCJ+gCPjA9EaBDtRw==}
    engines: {node: '>= 6'}

  debug@4.3.5:
    resolution: {integrity: sha512-pt0bNEmneDIvdL1Xsd9oDQ/wrQRkXDT4AUWlNZNPKvW5x/jyO9VFXkJUP07vQ2upmw5PlaITaPKc31jK13V+jg==}
    engines: {node: '>=6.0'}
    peerDependencies:
      supports-color: '*'
    peerDependenciesMeta:
      supports-color:
        optional: true

  dedent@1.5.3:
    resolution: {integrity: sha512-NHQtfOOW68WD8lgypbLA5oT+Bt0xXJhiYvoR6SmmNXZfpzOGXwdKWmcwG8N7PwVVWV3eF/68nmD9BaJSsTBhyQ==}
    peerDependencies:
      babel-plugin-macros: ^3.1.0
    peerDependenciesMeta:
      babel-plugin-macros:
        optional: true

  denque@2.1.0:
    resolution: {integrity: sha512-HVQE3AAb/pxF8fQAoiqpvg9i3evqug3hoiwakOyZAwJm+6vZehbkYXZ0l4JxS+I3QxM97v5aaRNhj8v5oBhekw==}
    engines: {node: '>=0.10'}

  diff-sequences@29.6.3:
    resolution: {integrity: sha512-EjePK1srD3P08o2j4f0ExnylqRs5B9tJjcp9t1krH2qRi8CCdsYfwe9JgSLurFBWwq4uOlipzfk5fHNvwFKr8Q==}
    engines: {node: ^14.15.0 || ^16.10.0 || >=18.0.0}

  dom-serializer@2.0.0:
    resolution: {integrity: sha512-wIkAryiqt/nV5EQKqQpo3SToSOV9J0DnbJqwK7Wv/Trc92zIAYZ4FlMu+JPFW1DfGFt81ZTCGgDEabffXeLyJg==}

  domelementtype@2.3.0:
    resolution: {integrity: sha512-OLETBj6w0OsagBwdXnPdN0cnMfF9opN69co+7ZrbfPGrdpPVNBUj02spi6B1N7wChLQiPn4CSH/zJvXw56gmHw==}

  domhandler@5.0.3:
    resolution: {integrity: sha512-cgwlv/1iFQiFnU96XXgROh8xTeetsnJiDsTc7TYCLFd9+/WNkIqPTxiM/8pSd8VIrhXGTf1Ny1q1hquVqDJB5w==}
    engines: {node: '>= 4'}

  domutils@3.1.0:
    resolution: {integrity: sha512-H78uMmQtI2AhgDJjWeQmHwJJ2bLPD3GMmO7Zja/ZZh84wkm+4ut+IUnUdRa8uCGX88DiVx1j6FRe1XfxEgjEZA==}

  dotenv@16.4.5:
    resolution: {integrity: sha512-ZmdL2rui+eB2YwhsWzjInR8LldtZHGDoQ1ugH85ppHKwpUHL7j7rN0Ti9NCnGiQbhaZ11FpR+7ao1dNsmduNUg==}
    engines: {node: '>=12'}

  dprint@0.45.1:
    resolution: {integrity: sha512-OYefcDgxd6jSdig/Cfkw1vdvyiOIRruCPnqGBbXpc95buDt9kvwL+Lic1OHc+SaQSsQub0BUZMd5+TNgy8Sh3A==}
    hasBin: true

  entities@4.5.0:
    resolution: {integrity: sha512-V0hjH4dGPh9Ao5p0MoRY6BVqtwCjhz6vI5LT8AJ55H+4g9/4vbHx1I54fS0XuclLhDHArPQCiMjDxjaL8fPxhw==}
    engines: {node: '>=0.12'}

  envalid@8.0.0:
    resolution: {integrity: sha512-PGeYJnJB5naN0ME6SH8nFcDj9HVbLpYIfg1p5lAyM9T4cH2lwtu2fLbozC/bq+HUUOIFxhX/LP0/GmlqPHT4tQ==}
    engines: {node: '>=8.12'}

  esbuild@0.21.5:
    resolution: {integrity: sha512-mg3OPMV4hXywwpoDxu3Qda5xCKQi+vCTZq8S9J/EpkhB2HzKXq4SNFZE3+NK93JYxc8VMSep+lOUSC/RVKaBqw==}
    engines: {node: '>=12'}
    hasBin: true

  escape-string-regexp@1.0.5:
    resolution: {integrity: sha512-vbRorB5FUQWvla16U8R/qgaFIya2qGzwDrNmCZuYKrbdSUMG6I1ZCGQRefkRVhuOkIGVne7BQ35DSfo1qvJqFg==}
    engines: {node: '>=0.8.0'}

  escape-string-regexp@2.0.0:
    resolution: {integrity: sha512-UpzcLCXolUWcNu5HtVMHYdXJjArjsF9C0aNnquZYY4uW/Vu0miy5YoWvbV345HauVvcAUnpRuhMMcqTcGOY2+w==}
    engines: {node: '>=8'}

  event-target-shim@5.0.1:
    resolution: {integrity: sha512-i/2XbnSz/uxRCU6+NdVJgKWDTM427+MqYbkQzD321DuCQJUqOuJKIA0IM2+W2xtYHdKOmZ4dR6fExsd4SXL+WQ==}
    engines: {node: '>=6'}

  expect@29.7.0:
    resolution: {integrity: sha512-2Zks0hf1VLFYI1kbh0I5jP3KHHyCHpkfyHBzsSXRFgl/Bg9mWYfMW8oD+PdMPlEwy5HNsR9JutYy6pMeOh61nw==}
    engines: {node: ^14.15.0 || ^16.10.0 || >=18.0.0}

  fill-range@7.1.1:
    resolution: {integrity: sha512-YsGpe3WHLK8ZYi4tWDg2Jy3ebRz2rXowDxnld4bkQB00cc/1Zw9AWnC0i9ztDJitivtQvaI9KaLyKrc+hBW0yg==}
    engines: {node: '>=8'}

  fsevents@2.3.3:
    resolution: {integrity: sha512-5xoDfX+fL7faATnagmWPpbFtwh/R77WmMMqqHGS65C3vvB0YHrgF+B1YmZ3441tMj5n63k0212XNoJwzlhffQw==}
    engines: {node: ^8.16.0 || ^10.6.0 || >=11.0.0}
    os: [darwin]

  get-tsconfig@4.7.5:
    resolution: {integrity: sha512-ZCuZCnlqNzjb4QprAzXKdpp/gh6KTxSJuw3IBsPnV/7fV4NxC9ckB+vPTt8w7fJA0TaSD7c55BR47JD6MEDyDw==}

  graceful-fs@4.2.11:
    resolution: {integrity: sha512-RbJ5/jmFcNNCcDV5o9eTnBLJ/HszWV0P73bc+Ff4nS/rJj+YaS6IGyiOL0VoBYX+l1Wrl3k63h/KrH+nhJ0XvQ==}

  grammy@1.24.1:
    resolution: {integrity: sha512-0ijKmqL1wlxIk+Zml4qZDXTbacWFf9IEmTPAjvNpl5jpaarkE7SOxst1gDb0ZmySAPimzvP2vH4rc0IhwexSOA==}
    engines: {node: ^12.20.0 || >=14.13.1}

  graphql-request@7.0.1:
    resolution: {integrity: sha512-hfGBZF6o6lC3C0th+aTMOFP6p8Ev+ydXn4PUlT8rvqPDUFCbaynXszjBCyu0saZIP3VGbJ67GpxW8UGK+tphSw==}
    hasBin: true
    peerDependencies:
      graphql: 14 - 16

  graphql@16.8.2:
    resolution: {integrity: sha512-cvVIBILwuoSyD54U4cF/UXDh5yAobhNV/tPygI4lZhgOIJQE/WLWC4waBRb4I6bDVYb3OVx3lfHbaQOEoUD5sg==}
    engines: {node: ^12.22.0 || ^14.16.0 || ^16.0.0 || >=17.0.0}

  has-flag@3.0.0:
    resolution: {integrity: sha512-sKJf1+ceQBr4SMkvQnBDNDtf4TXpVhVGateu0t918bl30FnbE2m4vNLX+VWe/dpjlb+HugGYzW7uQXH98HPEYw==}
    engines: {node: '>=4'}

  has-flag@4.0.0:
    resolution: {integrity: sha512-EykJT/Q1KjTWctppgIAgfSO0tKVuZUjhgMr17kqTumMl6Afv3EISleU7qZUzoXDFTAHTDC4NOoG/ZxU3EvlMPQ==}
    engines: {node: '>=8'}

  he@1.2.0:
    resolution: {integrity: sha512-F/1DnUGPopORZi0ni+CvrCgHQ5FyEAHRLSApuYWMmrbSwoN2Mn/7k+Gl38gJnR7yyDZk6WLXwiGod1JOWNDKGw==}
    hasBin: true

  ioredis@5.4.1:
    resolution: {integrity: sha512-2YZsvl7jopIa1gaePkeMtd9rAcSjOOjPtpcLlOeusyO+XH2SK5ZcT+UCrElPP+WVIInh2TzeI4XW9ENaSLVVHA==}
    engines: {node: '>=12.22.0'}

  is-number@7.0.0:
    resolution: {integrity: sha512-41Cifkg6e8TylSpdtTpeLVMqvSBEVzTttHvERD741+pnZ8ANv0004MRL43QKPDlK9cGvNp6NZWZUBlbGXYxxng==}
    engines: {node: '>=0.12.0'}

  jest-diff@29.7.0:
    resolution: {integrity: sha512-LMIgiIrhigmPrs03JHpxUh2yISK3vLFPkAodPeo0+BuF7wA2FoQbkEg1u8gBYBThncu7e1oEDUfIXVuTqLRUjw==}
    engines: {node: ^14.15.0 || ^16.10.0 || >=18.0.0}

  jest-get-type@29.6.3:
    resolution: {integrity: sha512-zrteXnqYxfQh7l5FHyL38jL39di8H8rHoecLH3JNxH3BwOrBsNeabdap5e0I23lD4HHI8W5VFBZqG4Eaq5LNcw==}
    engines: {node: ^14.15.0 || ^16.10.0 || >=18.0.0}

  jest-matcher-utils@29.7.0:
    resolution: {integrity: sha512-sBkD+Xi9DtcChsI3L3u0+N0opgPYnCRPtGcQYrgXmR+hmt/fYfWAL0xRXYU8eWOdfuLgBe0YCW3AFtnRLagq/g==}
    engines: {node: ^14.15.0 || ^16.10.0 || >=18.0.0}

  jest-message-util@29.7.0:
    resolution: {integrity: sha512-GBEV4GRADeP+qtB2+6u61stea8mGcOT4mCtrYISZwfu9/ISHFJ/5zOMXYbpBE9RsS5+Gb63DW4FgmnKJ79Kf6w==}
    engines: {node: ^14.15.0 || ^16.10.0 || >=18.0.0}

  jest-util@29.7.0:
    resolution: {integrity: sha512-z6EbKajIpqGKU56y5KBUgy1dt1ihhQJgWzUlZHArA/+X2ad7Cb5iF+AK1EWVL/Bo7Rz9uurpqw6SiBCefUbCGA==}
    engines: {node: ^14.15.0 || ^16.10.0 || >=18.0.0}

  js-tokens@4.0.0:
    resolution: {integrity: sha512-RdJUflcE3cUzKiMqQgsCu06FPu9UdIJO0beYbPhHN4k6apgJtifcoCtT9bcxOpYBtpD2kCM6Sbzg4CausW/PKQ==}

  lodash-es@4.17.21:
    resolution: {integrity: sha512-mKnC+QJ9pWVzv+C4/U3rRsHapFfHvQFoFB92e52xeyGMcX6/OlIl78je1u8vePzYZSkkogMPJ2yjxxsb89cxyw==}

  lodash.camelcase@4.3.0:
    resolution: {integrity: sha512-TwuEnCnxbc3rAvhf/LbG7tJUDzhqXyFnv3dtzLOPgCG/hODL7WFnsbwktkD7yUV0RrreP/l1PALq/YSg6VvjlA==}

  lodash.defaults@4.2.0:
    resolution: {integrity: sha512-qjxPLHd3r5DnsdGacqOMU6pb/avJzdh9tFX2ymgoZE27BmjXrNy/y4LoaiTeAb+O3gL8AfpJGtqfX/ae2leYYQ==}

  lodash.isarguments@3.1.0:
    resolution: {integrity: sha512-chi4NHZlZqZD18a0imDHnZPrDeBbTtVN7GXMwuGdRH9qotxAjYs3aVLKc7zNOG9eddR5Ksd8rvFEBc9SsggPpg==}

  lodash.ismatch@4.4.0:
    resolution: {integrity: sha512-fPMfXjGQEV9Xsq/8MTSgUf255gawYRbjwMyDbcvDhXgV7enSZA0hynz6vMPnpAb5iONEzBHBPsT+0zes5Z301g==}

  lodash.snakecase@4.1.1:
    resolution: {integrity: sha512-QZ1d4xoBHYUeuouhEq3lk3Uq7ldgyFXGBhg04+oRLnIz8o9T65Eh+8YdroUwn846zchkA9yDsDl5CVVaV2nqYw==}

  micromatch@4.0.7:
    resolution: {integrity: sha512-LPP/3KorzCwBxfeUuZmaR6bG2kdeHSbe0P2tY3FLRU4vYrjYz5hI4QZwV0njUx3jeuKe67YukQ1LSPZBKDqO/Q==}
    engines: {node: '>=8.6'}

  ms@2.1.2:
    resolution: {integrity: sha512-sGkPx+VjMtmA6MX27oA4FBFELFCZZ4S4XqeGOXCv68tT+jb3vk/RyaKWP0PTKyWtmLSM0b+adUTEvbs1PEaH2w==}

  node-fetch@2.7.0:
    resolution: {integrity: sha512-c4FRfUm/dbcWZ7U+1Wq0AwCyFL+3nt2bEw05wfxSz+DWpWsitgmSgYmy2dQdWyKC1694ELPqMs/YzUSNozLt8A==}
    engines: {node: 4.x || >=6.0.0}
    peerDependencies:
      encoding: ^0.1.0
    peerDependenciesMeta:
      encoding:
        optional: true

  node-html-parser@6.1.13:
    resolution: {integrity: sha512-qIsTMOY4C/dAa5Q5vsobRpOOvPfC4pB61UVW2uSwZNUp0QU/jCekTal1vMmbO0DgdHeLUJpv/ARmDqErVxA3Sg==}

  nth-check@2.1.1:
    resolution: {integrity: sha512-lqjrjmaOoAnWfMmBPL+XNnynZh2+swxiX3WUE0s4yEHI6m+AwrK2UZOimIRl3X/4QctVqS8AiZjFqyOGrMXb/w==}

  picocolors@1.0.1:
    resolution: {integrity: sha512-anP1Z8qwhkbmu7MFP5iTt+wQKXgwzf7zTyGlcdzabySa9vd0Xt392U0rVmz9poOaBj0uHJKyyo9/upk0HrEQew==}

  picomatch@2.3.1:
    resolution: {integrity: sha512-JU3teHTNjmE2VCGFzuY8EXzCDVwEqB2a8fsIvwaStHhAWJEeVd1o1QD80CU6+ZdEXXSLbSsuLwJjkCBWqRQUVA==}
    engines: {node: '>=8.6'}

  pretty-format@29.7.0:
    resolution: {integrity: sha512-Pdlw/oPxN+aXdmM9R00JVC9WVFoCLTKJvDVLgmJ+qAffBMxsV85l/Lu7sNx4zSzPyoL2euImuEwHhOXdEgNFZQ==}
    engines: {node: ^14.15.0 || ^16.10.0 || >=18.0.0}

  punycode@2.3.1:
    resolution: {integrity: sha512-vYt7UD1U9Wg6138shLtLOvdAu+8DsC/ilFtEVHcH+wydcSpNE20AfSOduf6MkRFahL5FY7X1oU7nKVZFtfq8Fg==}
    engines: {node: '>=6'}

  react-is@18.3.1:
    resolution: {integrity: sha512-/LLMVyas0ljjAtoYiPqYiL8VWXzUUdThrmU5+n20DZv+a+ClRoevUzw5JxU+Ieh5/c87ytoTBV9G1FiKfNJdmg==}

  readline-sync@1.4.10:
    resolution: {integrity: sha512-gNva8/6UAe8QYepIQH/jQ2qn91Qj0B9sYjMBBs3QOB8F2CXcKgLxQaJRP76sWVRQt+QU+8fAkCbCvjjMFu7Ycw==}
    engines: {node: '>= 0.8.0'}

  redis-errors@1.2.0:
    resolution: {integrity: sha512-1qny3OExCf0UvUV/5wpYKf2YwPcOqXzkwKKSmKHiE6ZMQs5heeE/c8eXK+PNllPvmjgAbfnsbpkGZWy8cBpn9w==}
    engines: {node: '>=4'}

  redis-parser@3.0.0:
    resolution: {integrity: sha512-DJnGAeenTdpMEH6uAJRK/uiyEIH9WVsUmoLwzudwGJUwZPp80PDBWPHXSAGNPwNvIXAbe7MSUB1zQFugFml66A==}
    engines: {node: '>=4'}

  remeda@1.61.0:
    resolution: {integrity: sha512-caKfSz9rDeSKBQQnlJnVW3mbVdFgxgGWQKq1XlFokqjf+hQD5gxutLGTTY2A/x24UxVyJe9gH5fAkFI63ULw4A==}

  resolve-pkg-maps@1.0.0:
    resolution: {integrity: sha512-seS2Tj26TBVOC2NIc2rOe2y2ZO7efxITtLZcGSOnHHNOQ7CkiUBfw0Iw2ck6xkIhPwLhKNLS8BO+hEpngQlqzw==}

  slash@3.0.0:
    resolution: {integrity: sha512-g9Q1haeby36OSStwb4ntCGGGaKsaVSjQ68fBxoQcutl5fS1vuY18H3wSt3jFyFtrkx+Kz0V1G85A4MyAdDMi2Q==}
    engines: {node: '>=8'}

  stack-utils@2.0.6:
    resolution: {integrity: sha512-XlkWvfIm6RmsWtNJx+uqtKLS8eqFbxUg0ZzLXqY0caEy9l7hruX8IpiDnjsLavoBgqCCR71TqWO8MaXYheJ3RQ==}
    engines: {node: '>=10'}

  standard-as-callback@2.1.0:
    resolution: {integrity: sha512-qoRRSyROncaz1z0mvYqIE4lCd9p2R90i6GxW3uZv5ucSu8tU7B5HXUP1gG8pVZsYNVaXjk8ClXHPttLyxAL48A==}

  string-length@6.0.0:
    resolution: {integrity: sha512-1U361pxZHEQ+FeSjzqRpV+cu2vTzYeWeafXFLykiFlv4Vc0n3njgU8HrMbyik5uwm77naWMuVG8fhEF+Ovb1Kg==}
    engines: {node: '>=16'}

  strip-ansi@7.1.0:
    resolution: {integrity: sha512-iq6eVVI64nQQTRYq2KtEg2d2uU7LElhTJwsH4YzIHZshxlgZms/wIc4VoDQTlG/IvVIrBKG06CrZnp0qv7hkcQ==}
    engines: {node: '>=12'}

  supports-color@5.5.0:
    resolution: {integrity: sha512-QjVjwdXIt408MIiAqCX4oUKsgU2EqAGzs2Ppkm4aQYbjm+ZEWEcW4SfFNTr4uMNZma0ey4f5lgLrkB0aX0QMow==}
    engines: {node: '>=4'}

  supports-color@7.2.0:
    resolution: {integrity: sha512-qpCAvRl9stuOHveKsn7HncJRvv501qIacKzQlO/+Lwxc9+0q2wLyv4Dfvt80/DPn2pqOBsJdDiogXGR9+OvwRw==}
    engines: {node: '>=8'}

  to-regex-range@5.0.1:
    resolution: {integrity: sha512-65P7iz6X5yEr1cwcgvQxbbIw7Uk3gOy5dIdtZ4rDveLqhrdJP+Li/Hx6tyK0NEb+2GCyneCMJiGqrADCSNk8sQ==}
    engines: {node: '>=8.0'}

  tr46@4.1.1:
    resolution: {integrity: sha512-2lv/66T7e5yNyhAAC4NaKe5nVavzuGJQVVtRYLyQ2OI8tsJ61PMLlelehb0wi2Hx6+hT/OJUWZcw8MjlSRnxvw==}
    engines: {node: '>=14'}

  ts-toolbelt@9.6.0:
    resolution: {integrity: sha512-nsZd8ZeNUzukXPlJmTBwUAuABDe/9qtVDelJeT/qW0ow3ZS3BsQJtNkan1802aM9Uf68/Y8ljw86Hu0h5IUW3w==}

  tslib@2.6.2:
    resolution: {integrity: sha512-AEYxH93jGFPn/a2iVAwW87VuUIkR1FVUKB77NwMF7nBTDkDrrT/Hpt/IrCJ0QXhW27jTBDcf5ZY7w6RiqTMw2Q==}

  tsx@4.15.5:
    resolution: {integrity: sha512-iKi8jQ2VBmZ2kU/FkGkL2OSHBHsazsUzsdC/W/RwhKIEsIoZ1alCclZHP5jGfNHEaEWUJFM1GquzCf+4db3b0w==}
    engines: {node: '>=18.0.0'}
    hasBin: true

  type-fest@4.20.1:
    resolution: {integrity: sha512-R6wDsVsoS9xYOpy8vgeBlqpdOyzJ12HNfQhC/aAKWM3YoCV9TtunJzh/QpkMgeDhkoynDcw5f1y+qF9yc/HHyg==}
    engines: {node: '>=16'}

  typescript@5.4.5:
    resolution: {integrity: sha512-vcI4UpRgg81oIRUFwR0WSIHKt11nJ7SAVlYNIu+QpqeyXP+gpQJy/Z4+F0aGxSE4MqwjyXvW/TzgkLAx2AGHwQ==}
    engines: {node: '>=14.17'}
    hasBin: true

  undici-types@5.26.5:
    resolution: {integrity: sha512-JlCMO+ehdEIKqlFxk6IfVoAUVmgz7cU7zD/h9XZ0qzeosSHmUJVOzSQvvYSYWXkFXC+IfLKSIffhv0sVZup6pA==}

  webidl-conversions@7.0.0:
    resolution: {integrity: sha512-VwddBukDzu71offAQR975unBIGqfKZpM+8ZX6ySk8nYhVoo5CYaZyzt3YBvYtRtO+aoGlqxPg/B87NGVZ/fu6g==}
    engines: {node: '>=12'}

  whatwg-url@13.0.0:
    resolution: {integrity: sha512-9WWbymnqj57+XEuqADHrCJ2eSXzn8WXIW/YSGaZtb2WKAInQ6CHfaUUcTyyver0p8BDg5StLQq8h1vtZuwmOig==}
    engines: {node: '>=16'}

  zod@3.23.8:
    resolution: {integrity: sha512-XBx9AXhXktjUqnepgTiE5flcKIYWi/rme0Eaj+5Y0lftuGBq+jyRu/md4WnuxqgP1ubdpNCsYEYPxrzVHD8d6g==}

snapshots:

  '@babel/code-frame@7.24.7':
    dependencies:
      '@babel/highlight': 7.24.7
      picocolors: 1.0.1

  '@babel/helper-validator-identifier@7.24.7': {}

  '@babel/highlight@7.24.7':
    dependencies:
      '@babel/helper-validator-identifier': 7.24.7
      chalk: 2.4.2
      js-tokens: 4.0.0
      picocolors: 1.0.1

  '@biomejs/biome@1.8.1':
    optionalDependencies:
      '@biomejs/cli-darwin-arm64': 1.8.1
      '@biomejs/cli-darwin-x64': 1.8.1
      '@biomejs/cli-linux-arm64': 1.8.1
      '@biomejs/cli-linux-arm64-musl': 1.8.1
      '@biomejs/cli-linux-x64': 1.8.1
      '@biomejs/cli-linux-x64-musl': 1.8.1
      '@biomejs/cli-win32-arm64': 1.8.1
      '@biomejs/cli-win32-x64': 1.8.1

  '@biomejs/cli-darwin-arm64@1.8.1':
    optional: true

  '@biomejs/cli-darwin-x64@1.8.1':
    optional: true

  '@biomejs/cli-linux-arm64-musl@1.8.1':
    optional: true

  '@biomejs/cli-linux-arm64@1.8.1':
    optional: true

  '@biomejs/cli-linux-x64-musl@1.8.1':
    optional: true

  '@biomejs/cli-linux-x64@1.8.1':
    optional: true

  '@biomejs/cli-win32-arm64@1.8.1':
    optional: true

  '@biomejs/cli-win32-x64@1.8.1':
    optional: true

  '@dprint/darwin-arm64@0.45.1':
    optional: true

  '@dprint/darwin-x64@0.45.1':
    optional: true

  '@dprint/formatter@0.3.0': {}

  '@dprint/linux-arm64-glibc@0.45.1':
    optional: true

  '@dprint/linux-arm64-musl@0.45.1':
    optional: true

  '@dprint/linux-x64-glibc@0.45.1':
    optional: true

  '@dprint/linux-x64-musl@0.45.1':
    optional: true

  '@dprint/typescript@0.90.5': {}

  '@dprint/win32-x64@0.45.1':
    optional: true

  '@esbuild/aix-ppc64@0.21.5':
    optional: true

  '@esbuild/android-arm64@0.21.5':
    optional: true

  '@esbuild/android-arm@0.21.5':
    optional: true

  '@esbuild/android-x64@0.21.5':
    optional: true

  '@esbuild/darwin-arm64@0.21.5':
    optional: true

  '@esbuild/darwin-x64@0.21.5':
    optional: true

  '@esbuild/freebsd-arm64@0.21.5':
    optional: true

  '@esbuild/freebsd-x64@0.21.5':
    optional: true

  '@esbuild/linux-arm64@0.21.5':
    optional: true

  '@esbuild/linux-arm@0.21.5':
    optional: true

  '@esbuild/linux-ia32@0.21.5':
    optional: true

  '@esbuild/linux-loong64@0.21.5':
    optional: true

  '@esbuild/linux-mips64el@0.21.5':
    optional: true

  '@esbuild/linux-ppc64@0.21.5':
    optional: true

  '@esbuild/linux-riscv64@0.21.5':
    optional: true

  '@esbuild/linux-s390x@0.21.5':
    optional: true

  '@esbuild/linux-x64@0.21.5':
    optional: true

  '@esbuild/netbsd-x64@0.21.5':
    optional: true

  '@esbuild/openbsd-x64@0.21.5':
    optional: true

  '@esbuild/sunos-x64@0.21.5':
    optional: true

  '@esbuild/win32-arm64@0.21.5':
    optional: true

  '@esbuild/win32-ia32@0.21.5':
    optional: true

  '@esbuild/win32-x64@0.21.5':
    optional: true

  '@grammyjs/auto-retry@2.0.1(grammy@1.24.1)':
    dependencies:
      debug: 4.3.5
      grammy: 1.24.1
    transitivePeerDependencies:
      - supports-color

  '@grammyjs/ratelimiter@1.2.0': {}

  '@grammyjs/runner@2.0.3(grammy@1.24.1)':
    dependencies:
      abort-controller: 3.0.0
      grammy: 1.24.1

  '@grammyjs/transformer-throttler@1.2.1(grammy@1.24.1)':
    dependencies:
      bottleneck: 2.19.5
      grammy: 1.24.1

  '@grammyjs/types@3.8.0': {}

  '@graphql-typed-document-node/core@3.2.0(graphql@16.8.2)':
    dependencies:
      graphql: 16.8.2

  '@ioredis/commands@1.2.0': {}

  '@jest/expect-utils@29.7.0':
    dependencies:
      jest-get-type: 29.6.3

  '@jest/schemas@29.6.3':
    dependencies:
      '@sinclair/typebox': 0.27.8

  '@jest/types@29.6.3':
    dependencies:
      '@jest/schemas': 29.6.3
      '@types/istanbul-lib-coverage': 2.0.6
      '@types/istanbul-reports': 3.0.4
      '@types/node': 20.14.2
      '@types/yargs': 17.0.32
      chalk: 4.1.2

  '@molt/command@0.9.0':
    dependencies:
      '@molt/types': 0.2.0
      alge: 0.8.1
      chalk: 5.3.0
      lodash.camelcase: 4.3.0
      lodash.snakecase: 4.1.1
      readline-sync: 1.4.10
      string-length: 6.0.0
      strip-ansi: 7.1.0
      ts-toolbelt: 9.6.0
      type-fest: 4.20.1
      zod: 3.23.8

  '@molt/types@0.2.0':
    dependencies:
      ts-toolbelt: 9.6.0

  '@sinclair/typebox@0.27.8': {}

  '@types/istanbul-lib-coverage@2.0.6': {}

  '@types/istanbul-lib-report@3.0.3':
    dependencies:
      '@types/istanbul-lib-coverage': 2.0.6

  '@types/istanbul-reports@3.0.4':
    dependencies:
      '@types/istanbul-lib-report': 3.0.3

  '@types/lodash-es@4.17.12':
    dependencies:
      '@types/lodash': 4.17.5

  '@types/lodash@4.17.5': {}

  '@types/node@20.14.2':
    dependencies:
      undici-types: 5.26.5

  '@types/stack-utils@2.0.3': {}

  '@types/yargs-parser@21.0.3': {}

  '@types/yargs@17.0.32':
    dependencies:
      '@types/yargs-parser': 21.0.3

  abort-controller@3.0.0:
    dependencies:
      event-target-shim: 5.0.1

  alge@0.8.1:
    dependencies:
      lodash.ismatch: 4.4.0
      remeda: 1.61.0
      ts-toolbelt: 9.6.0
      zod: 3.23.8

  ansi-regex@6.0.1: {}

  ansi-styles@3.2.1:
    dependencies:
      color-convert: 1.9.3

  ansi-styles@4.3.0:
    dependencies:
      color-convert: 2.0.1

  ansi-styles@5.2.0: {}

  boolbase@1.0.0: {}

  bottleneck@2.19.5: {}

  braces@3.0.3:
    dependencies:
      fill-range: 7.1.1

  chalk@2.4.2:
    dependencies:
      ansi-styles: 3.2.1
      escape-string-regexp: 1.0.5
      supports-color: 5.5.0

  chalk@4.1.2:
    dependencies:
      ansi-styles: 4.3.0
      supports-color: 7.2.0

  chalk@5.3.0: {}

  ci-info@3.9.0: {}

  cluster-key-slot@1.1.2: {}

  color-convert@1.9.3:
    dependencies:
      color-name: 1.1.3

  color-convert@2.0.1:
    dependencies:
      color-name: 1.1.4

  color-name@1.1.3: {}

  color-name@1.1.4: {}

  css-select@5.1.0:
    dependencies:
      boolbase: 1.0.0
      css-what: 6.1.0
      domhandler: 5.0.3
      domutils: 3.1.0
      nth-check: 2.1.1

  css-what@6.1.0: {}

  debug@4.3.5:
    dependencies:
      ms: 2.1.2

  dedent@1.5.3: {}

  denque@2.1.0: {}

  diff-sequences@29.6.3: {}

  dom-serializer@2.0.0:
    dependencies:
      domelementtype: 2.3.0
      domhandler: 5.0.3
      entities: 4.5.0

  domelementtype@2.3.0: {}

  domhandler@5.0.3:
    dependencies:
      domelementtype: 2.3.0

  domutils@3.1.0:
    dependencies:
      dom-serializer: 2.0.0
      domelementtype: 2.3.0
      domhandler: 5.0.3

  dotenv@16.4.5: {}

  dprint@0.45.1:
    optionalDependencies:
      '@dprint/darwin-arm64': 0.45.1
      '@dprint/darwin-x64': 0.45.1
      '@dprint/linux-arm64-glibc': 0.45.1
      '@dprint/linux-arm64-musl': 0.45.1
      '@dprint/linux-x64-glibc': 0.45.1
      '@dprint/linux-x64-musl': 0.45.1
      '@dprint/win32-x64': 0.45.1

  entities@4.5.0: {}

  envalid@8.0.0:
    dependencies:
      tslib: 2.6.2

  esbuild@0.21.5:
    optionalDependencies:
      '@esbuild/aix-ppc64': 0.21.5
      '@esbuild/android-arm': 0.21.5
      '@esbuild/android-arm64': 0.21.5
      '@esbuild/android-x64': 0.21.5
      '@esbuild/darwin-arm64': 0.21.5
      '@esbuild/darwin-x64': 0.21.5
      '@esbuild/freebsd-arm64': 0.21.5
      '@esbuild/freebsd-x64': 0.21.5
      '@esbuild/linux-arm': 0.21.5
      '@esbuild/linux-arm64': 0.21.5
      '@esbuild/linux-ia32': 0.21.5
      '@esbuild/linux-loong64': 0.21.5
      '@esbuild/linux-mips64el': 0.21.5
      '@esbuild/linux-ppc64': 0.21.5
      '@esbuild/linux-riscv64': 0.21.5
      '@esbuild/linux-s390x': 0.21.5
      '@esbuild/linux-x64': 0.21.5
      '@esbuild/netbsd-x64': 0.21.5
      '@esbuild/openbsd-x64': 0.21.5
      '@esbuild/sunos-x64': 0.21.5
      '@esbuild/win32-arm64': 0.21.5
      '@esbuild/win32-ia32': 0.21.5
      '@esbuild/win32-x64': 0.21.5

  escape-string-regexp@1.0.5: {}

  escape-string-regexp@2.0.0: {}

  event-target-shim@5.0.1: {}

  expect@29.7.0:
    dependencies:
      '@jest/expect-utils': 29.7.0
      jest-get-type: 29.6.3
      jest-matcher-utils: 29.7.0
      jest-message-util: 29.7.0
      jest-util: 29.7.0

  fill-range@7.1.1:
    dependencies:
      to-regex-range: 5.0.1

  fsevents@2.3.3:
    optional: true

  get-tsconfig@4.7.5:
    dependencies:
      resolve-pkg-maps: 1.0.0

  graceful-fs@4.2.11: {}

  grammy@1.24.1:
    dependencies:
      '@grammyjs/types': 3.8.0
      abort-controller: 3.0.0
      debug: 4.3.5
      node-fetch: 2.7.0
    transitivePeerDependencies:
      - encoding
      - supports-color

  graphql-request@7.0.1(graphql@16.8.2):
    dependencies:
      '@dprint/formatter': 0.3.0
      '@dprint/typescript': 0.90.5
      '@graphql-typed-document-node/core': 3.2.0(graphql@16.8.2)
      '@molt/command': 0.9.0
      dprint: 0.45.1
      graphql: 16.8.2
      zod: 3.23.8

  graphql@16.8.2: {}

  has-flag@3.0.0: {}

  has-flag@4.0.0: {}

  he@1.2.0: {}

  ioredis@5.4.1:
    dependencies:
      '@ioredis/commands': 1.2.0
      cluster-key-slot: 1.1.2
      debug: 4.3.5
      denque: 2.1.0
      lodash.defaults: 4.2.0
      lodash.isarguments: 3.1.0
      redis-errors: 1.2.0
      redis-parser: 3.0.0
      standard-as-callback: 2.1.0
    transitivePeerDependencies:
      - supports-color

  is-number@7.0.0: {}

  jest-diff@29.7.0:
    dependencies:
      chalk: 4.1.2
      diff-sequences: 29.6.3
      jest-get-type: 29.6.3
      pretty-format: 29.7.0

  jest-get-type@29.6.3: {}

  jest-matcher-utils@29.7.0:
    dependencies:
      chalk: 4.1.2
      jest-diff: 29.7.0
      jest-get-type: 29.6.3
      pretty-format: 29.7.0

  jest-message-util@29.7.0:
    dependencies:
      '@babel/code-frame': 7.24.7
      '@jest/types': 29.6.3
      '@types/stack-utils': 2.0.3
      chalk: 4.1.2
      graceful-fs: 4.2.11
      micromatch: 4.0.7
      pretty-format: 29.7.0
      slash: 3.0.0
      stack-utils: 2.0.6

  jest-util@29.7.0:
    dependencies:
      '@jest/types': 29.6.3
      '@types/node': 20.14.2
      chalk: 4.1.2
      ci-info: 3.9.0
      graceful-fs: 4.2.11
      picomatch: 2.3.1

  js-tokens@4.0.0: {}

  lodash-es@4.17.21: {}

  lodash.camelcase@4.3.0: {}

  lodash.defaults@4.2.0: {}

  lodash.isarguments@3.1.0: {}

  lodash.ismatch@4.4.0: {}

  lodash.snakecase@4.1.1: {}

  micromatch@4.0.7:
    dependencies:
      braces: 3.0.3
      picomatch: 2.3.1

  ms@2.1.2: {}

  node-fetch@2.7.0:
    dependencies:
      whatwg-url: 13.0.0

  node-html-parser@6.1.13:
    dependencies:
      css-select: 5.1.0
      he: 1.2.0

  nth-check@2.1.1:
    dependencies:
      boolbase: 1.0.0

  picocolors@1.0.1: {}

  picomatch@2.3.1: {}

  pretty-format@29.7.0:
    dependencies:
      '@jest/schemas': 29.6.3
      ansi-styles: 5.2.0
      react-is: 18.3.1

  punycode@2.3.1: {}

  react-is@18.3.1: {}

  readline-sync@1.4.10: {}

  redis-errors@1.2.0: {}

  redis-parser@3.0.0:
    dependencies:
      redis-errors: 1.2.0

  remeda@1.61.0: {}

  resolve-pkg-maps@1.0.0: {}

  slash@3.0.0: {}

  stack-utils@2.0.6:
    dependencies:
      escape-string-regexp: 2.0.0

  standard-as-callback@2.1.0: {}

  string-length@6.0.0:
    dependencies:
      strip-ansi: 7.1.0

  strip-ansi@7.1.0:
    dependencies:
      ansi-regex: 6.0.1

  supports-color@5.5.0:
    dependencies:
      has-flag: 3.0.0

  supports-color@7.2.0:
    dependencies:
      has-flag: 4.0.0

  to-regex-range@5.0.1:
    dependencies:
      is-number: 7.0.0

  tr46@4.1.1:
    dependencies:
      punycode: 2.3.1

  ts-toolbelt@9.6.0: {}

  tslib@2.6.2: {}

  tsx@4.15.5:
    dependencies:
      esbuild: 0.21.5
      get-tsconfig: 4.7.5
    optionalDependencies:
      fsevents: 2.3.3

  type-fest@4.20.1: {}

  typescript@5.4.5: {}

  undici-types@5.26.5: {}

  webidl-conversions@7.0.0: {}

  whatwg-url@13.0.0:
    dependencies:
      tr46: 4.1.1
      webidl-conversions: 7.0.0

  zod@3.23.8: {}
